
Microsoft Visual Studio Solution File, Format Version 12.00
# Visual Studio 15
VisualStudioVersion = 15.0.28307.539
MinimumVisualStudioVersion = 10.0.40219.1
Project("{FAE04EC0-301F-11D3-BF4B-00C04F79EFBC}") = "SchacoImage", "SchacoImage\SchacoImage.csproj", "{4F224E11-A6EB-4AC4-A41D-818652BC59FF}"
EndProject
Project("{FAE04EC0-301F-11D3-BF4B-00C04F79EFBC}") = "MyScreenShots", "MyScreenShots\MyScreenShots.csproj", "{6952F7FB-5FE8-4A4A-8D0D-557AC4BC2C84}"
EndProject
Project("{FAE04EC0-301F-11D3-BF4B-00C04F79EFBC}") = "Identify_OpenCV", "Identify_OpenCV\Identify_OpenCV.csproj", "{9D0FA1C7-D728-4900-A4E9-1E344BEEEBF4}"
EndProject
Project("{2150E333-8FDC-42A3-9474-1A3956D46DE8}") = "Image", "Image", "{909E1D69-0A0B-40AC-8964-CF0CF4416582}"
EndProject
Project("{2150E333-8FDC-42A3-9474-1A3956D46DE8}") = "Action", "Action", "{262F8C28-58E1-4B75-86C3-99C18219F871}"
EndProject
Project("{2150E333-8FDC-42A3-9474-1A3956D46DE8}") = "Location", "Location", "{9CAC7BA6-B49C-490D-A660-DCE0CA4ED2F4}"
EndProject
Project("{FAE04EC0-301F-11D3-BF4B-00C04F79EFBC}") = "MouseLocation", "MouseLocation\MouseLocation.csproj", "{7F64038F-8D07-43D6-9103-2738B59FCE35}"
EndProject
Project("{2150E333-8FDC-42A3-9474-1A3956D46DE8}") = "Location_Sample", "Location_Sample", "{66A2B4D1-9F07-484A-B2F4-6429D0EEA65D}"
EndProject
Project("{FAE04EC0-301F-11D3-BF4B-00C04F79EFBC}") = "LocationTest", "LocationTest\LocationTest.csproj", "{B703D20F-8A13-46AD-857D-1C2D24EC76D6}"
EndProject
Project("{2150E333-8FDC-42A3-9474-1A3956D46DE8}") = "CaptureImage", "CaptureImage", "{DE3CFAE3-0DAF-46CC-B4CF-4CB8F80470A8}"
EndProject
Project("{FAE04EC0-301F-11D3-BF4B-00C04F79EFBC}") = "CaptureImage", "CaptureImage\CaptureImage.csproj", "{F594941F-5A8D-4031-9083-50059550C05F}"
EndProject
Project("{FAE04EC0-301F-11D3-BF4B-00C04F79EFBC}") = "CaptureImage_Test", "CaptureImage_Test\CaptureImage_Test.csproj", "{FA9EB732-26CF-4A5F-B40B-2C9278E9E557}"
EndProject
Project("{2150E333-8FDC-42A3-9474-1A3956D46DE8}") = "OpenCVCsharp", "OpenCVCsharp", "{E07A3137-D321-4A98-9879-70CB5F9CFAB3}"
EndProject
Project("{FAE04EC0-301F-11D3-BF4B-00C04F79EFBC}") = "OpenCVCsharp_Test", "OpenCVCsharp_Test\OpenCVCsharp_Test.csproj", "{32742789-1AE8-48BA-AB39-93D9FB9DF6A5}"
EndProject
Project("{2150E333-8FDC-42A3-9474-1A3956D46DE8}") = "Brusher", "Brusher", "{95D8751A-F074-476E-986F-FC5DA731886B}"
EndProject
Project("{FAE04EC0-301F-11D3-BF4B-00C04F79EFBC}") = "Brusher", "Brusher\Brusher.csproj", "{E560F366-9815-4D8A-900C-7BD57E5979CC}"
EndProject
Global
	GlobalSection(SolutionConfigurationPlatforms) = preSolution
		Debug|Any CPU = Debug|Any CPU
		Release|Any CPU = Release|Any CPU
	EndGlobalSection
	GlobalSection(ProjectConfigurationPlatforms) = postSolution
		{4F224E11-A6EB-4AC4-A41D-818652BC59FF}.Debug|Any CPU.ActiveCfg = Debug|Any CPU
		{4F224E11-A6EB-4AC4-A41D-818652BC59FF}.Debug|Any CPU.Build.0 = Debug|Any CPU
		{4F224E11-A6EB-4AC4-A41D-818652BC59FF}.Release|Any CPU.ActiveCfg = Release|Any CPU
		{4F224E11-A6EB-4AC4-A41D-818652BC59FF}.Release|Any CPU.Build.0 = Release|Any CPU
		{6952F7FB-5FE8-4A4A-8D0D-557AC4BC2C84}.Debug|Any CPU.ActiveCfg = Debug|Any CPU
		{6952F7FB-5FE8-4A4A-8D0D-557AC4BC2C84}.Debug|Any CPU.Build.0 = Debug|Any CPU
		{6952F7FB-5FE8-4A4A-8D0D-557AC4BC2C84}.Release|Any CPU.ActiveCfg = Release|Any CPU
		{6952F7FB-5FE8-4A4A-8D0D-557AC4BC2C84}.Release|Any CPU.Build.0 = Release|Any CPU
		{9D0FA1C7-D728-4900-A4E9-1E344BEEEBF4}.Debug|Any CPU.ActiveCfg = Debug|Any CPU
		{9D0FA1C7-D728-4900-A4E9-1E344BEEEBF4}.Debug|Any CPU.Build.0 = Debug|Any CPU
		{9D0FA1C7-D728-4900-A4E9-1E344BEEEBF4}.Release|Any CPU.ActiveCfg = Release|Any CPU
		{9D0FA1C7-D728-4900-A4E9-1E344BEEEBF4}.Release|Any CPU.Build.0 = Release|Any CPU
		{7F64038F-8D07-43D6-9103-2738B59FCE35}.Debug|Any CPU.ActiveCfg = Debug|Any CPU
		{7F64038F-8D07-43D6-9103-2738B59FCE35}.Debug|Any CPU.Build.0 = Debug|Any CPU
		{7F64038F-8D07-43D6-9103-2738B59FCE35}.Release|Any CPU.ActiveCfg = Release|Any CPU
		{7F64038F-8D07-43D6-9103-2738B59FCE35}.Release|Any CPU.Build.0 = Release|Any CPU
		{B703D20F-8A13-46AD-857D-1C2D24EC76D6}.Debug|Any CPU.ActiveCfg = Debug|Any CPU
		{B703D20F-8A13-46AD-857D-1C2D24EC76D6}.Debug|Any CPU.Build.0 = Debug|Any CPU
		{B703D20F-8A13-46AD-857D-1C2D24EC76D6}.Release|Any CPU.ActiveCfg = Release|Any CPU
		{B703D20F-8A13-46AD-857D-1C2D24EC76D6}.Release|Any CPU.Build.0 = Release|Any CPU
		{F594941F-5A8D-4031-9083-50059550C05F}.Debug|Any CPU.ActiveCfg = Debug|Any CPU
		{F594941F-5A8D-4031-9083-50059550C05F}.Debug|Any CPU.Build.0 = Debug|Any CPU
		{F594941F-5A8D-4031-9083-50059550C05F}.Release|Any CPU.ActiveCfg = Release|Any CPU
		{F594941F-5A8D-4031-9083-50059550C05F}.Release|Any CPU.Build.0 = Release|Any CPU
		{FA9EB732-26CF-4A5F-B40B-2C9278E9E557}.Debug|Any CPU.ActiveCfg = Debug|Any CPU
		{FA9EB732-26CF-4A5F-B40B-2C9278E9E557}.Debug|Any CPU.Build.0 = Debug|Any CPU
		{FA9EB732-26CF-4A5F-B40B-2C9278E9E557}.Release|Any CPU.ActiveCfg = Release|Any CPU
		{FA9EB732-26CF-4A5F-B40B-2C9278E9E557}.Release|Any CPU.Build.0 = Release|Any CPU
		{32742789-1AE8-48BA-AB39-93D9FB9DF6A5}.Debug|Any CPU.ActiveCfg = Debug|Any CPU
		{32742789-1AE8-48BA-AB39-93D9FB9DF6A5}.Debug|Any CPU.Build.0 = Debug|Any CPU
		{32742789-1AE8-48BA-AB39-93D9FB9DF6A5}.Release|Any CPU.ActiveCfg = Release|Any CPU
		{32742789-1AE8-48BA-AB39-93D9FB9DF6A5}.Release|Any CPU.Build.0 = Release|Any CPU
		{E560F366-9815-4D8A-900C-7BD57E5979CC}.Debug|Any CPU.ActiveCfg = Debug|Any CPU
		{E560F366-9815-4D8A-900C-7BD57E5979CC}.Debug|Any CPU.Build.0 = Debug|Any CPU
		{E560F366-9815-4D8A-900C-7BD57E5979CC}.Release|Any CPU.ActiveCfg = Release|Any CPU
		{E560F366-9815-4D8A-900C-7BD57E5979CC}.Release|Any CPU.Build.0 = Release|Any CPU
	EndGlobalSection
	GlobalSection(SolutionProperties) = preSolution
		HideSolutionNode = FALSE
	EndGlobalSection
	GlobalSection(NestedProjects) = preSolution
		{4F224E11-A6EB-4AC4-A41D-818652BC59FF} = {909E1D69-0A0B-40AC-8964-CF0CF4416582}
		{6952F7FB-5FE8-4A4A-8D0D-557AC4BC2C84} = {909E1D69-0A0B-40AC-8964-CF0CF4416582}
		{9D0FA1C7-D728-4900-A4E9-1E344BEEEBF4} = {E07A3137-D321-4A98-9879-70CB5F9CFAB3}
		{9CAC7BA6-B49C-490D-A660-DCE0CA4ED2F4} = {262F8C28-58E1-4B75-86C3-99C18219F871}
		{7F64038F-8D07-43D6-9103-2738B59FCE35} = {9CAC7BA6-B49C-490D-A660-DCE0CA4ED2F4}
		{66A2B4D1-9F07-484A-B2F4-6429D0EEA65D} = {262F8C28-58E1-4B75-86C3-99C18219F871}
		{B703D20F-8A13-46AD-857D-1C2D24EC76D6} = {66A2B4D1-9F07-484A-B2F4-6429D0EEA65D}
		{DE3CFAE3-0DAF-46CC-B4CF-4CB8F80470A8} = {909E1D69-0A0B-40AC-8964-CF0CF4416582}
		{F594941F-5A8D-4031-9083-50059550C05F} = {DE3CFAE3-0DAF-46CC-B4CF-4CB8F80470A8}
		{FA9EB732-26CF-4A5F-B40B-2C9278E9E557} = {DE3CFAE3-0DAF-46CC-B4CF-4CB8F80470A8}
		{E07A3137-D321-4A98-9879-70CB5F9CFAB3} = {909E1D69-0A0B-40AC-8964-CF0CF4416582}
		{32742789-1AE8-48BA-AB39-93D9FB9DF6A5} = {E07A3137-D321-4A98-9879-70CB5F9CFAB3}
		{E560F366-9815-4D8A-900C-7BD57E5979CC} = {95D8751A-F074-476E-986F-FC5DA731886B}
	EndGlobalSection
	GlobalSection(ExtensibilityGlobals) = postSolution
		SolutionGuid = {AF4A5EF5-77F3-4DD0-BD47-422BF1714E7E}
	EndGlobalSection
EndGlobal
