
Microsoft Visual Studio Solution File, Format Version 12.00
# Visual Studio 15
VisualStudioVersion = 15.0.28307.539
MinimumVisualStudioVersion = 10.0.40219.1
Project("{FAE04EC0-301F-11D3-BF4B-00C04F79EFBC}") = "ImageIdentify", "Identify_OpenCV\ImageIdentify.csproj", "{9D0FA1C7-D728-4900-A4E9-1E344BEEEBF4}"
EndProject
Project("{2150E333-8FDC-42A3-9474-1A3956D46DE8}") = "ImageCaptureAndIdentity", "ImageCaptureAndIdentity", "{909E1D69-0A0B-40AC-8964-CF0CF4416582}"
EndProject
Project("{2150E333-8FDC-42A3-9474-1A3956D46DE8}") = "MoukeydAction", "MoukeydAction", "{262F8C28-58E1-4B75-86C3-99C18219F871}"
EndProject
Project("{FAE04EC0-301F-11D3-BF4B-00C04F79EFBC}") = "InputAction", "MouseLocation\InputAction.csproj", "{7F64038F-8D07-43D6-9103-2738B59FCE35}"
EndProject
Project("{FAE04EC0-301F-11D3-BF4B-00C04F79EFBC}") = "MouseLocationTest", "LocationTest\MouseLocationTest.csproj", "{B703D20F-8A13-46AD-857D-1C2D24EC76D6}"
EndProject
Project("{FAE04EC0-301F-11D3-BF4B-00C04F79EFBC}") = "CaptureImage", "CaptureImage\CaptureImage.csproj", "{F594941F-5A8D-4031-9083-50059550C05F}"
EndProject
Project("{FAE04EC0-301F-11D3-BF4B-00C04F79EFBC}") = "CaptureImage_Test", "CaptureImage_Test\CaptureImage_Test.csproj", "{FA9EB732-26CF-4A5F-B40B-2C9278E9E557}"
EndProject
Project("{FAE04EC0-301F-11D3-BF4B-00C04F79EFBC}") = "OpenCVCsharp_Test", "OpenCVCsharp_Test\OpenCVCsharp_Test.csproj", "{32742789-1AE8-48BA-AB39-93D9FB9DF6A5}"
EndProject
Project("{2150E333-8FDC-42A3-9474-1A3956D46DE8}") = "Brusher", "Brusher", "{95D8751A-F074-476E-986F-FC5DA731886B}"
EndProject
Project("{FAE04EC0-301F-11D3-BF4B-00C04F79EFBC}") = "Brusher", "Brusher\Brusher.csproj", "{E560F366-9815-4D8A-900C-7BD57E5979CC}"
EndProject
Project("{2150E333-8FDC-42A3-9474-1A3956D46DE8}") = "SampleOrTest", "SampleOrTest", "{07672179-C945-4552-B453-936754F15579}"
EndProject
Project("{FAE04EC0-301F-11D3-BF4B-00C04F79EFBC}") = "IdentifyImageByWord", "IdentifyImageByWord\IdentifyImageByWord.csproj", "{04EB34BC-9D35-4DC4-B6CF-33C426CD5DE8}"
EndProject
Project("{FAE04EC0-301F-11D3-BF4B-00C04F79EFBC}") = "IdentifyImageByBaiduAI", "IdentifyImageByBaiduAI\IdentifyImageByBaiduAI.csproj", "{6DE10240-90B5-415B-9DFA-6EDC1D1E1D6D}"
EndProject
Project("{FAE04EC0-301F-11D3-BF4B-00C04F79EFBC}") = "IdentifyImageByBaiduAI_Test", "IdentifyImageByBaiduAI_Test\IdentifyImageByBaiduAI_Test.csproj", "{05126DC9-E94F-4BE5-8980-B16A7EC906DE}"
EndProject
Project("{FAE04EC0-301F-11D3-BF4B-00C04F79EFBC}") = "OfficeCom", "OfficeCom\OfficeCom.csproj", "{02245395-6D60-4A86-8713-8874243428DB}"
EndProject
Project("{FAE04EC0-301F-11D3-BF4B-00C04F79EFBC}") = "TessdataIdentify", "TessdataIdentify\TessdataIdentify.csproj", "{A84EF364-E540-459A-A471-7604D62E3E39}"
EndProject
Project("{FAE04EC0-301F-11D3-BF4B-00C04F79EFBC}") = "ImageIdentify_Test", "ConsoleApp1\ImageIdentify_Test.csproj", "{17EF3AE2-3109-4C4F-A282-EB8942883DEC}"
EndProject
Global
	GlobalSection(SolutionConfigurationPlatforms) = preSolution
		Debug|Any CPU = Debug|Any CPU
		Release|Any CPU = Release|Any CPU
	EndGlobalSection
	GlobalSection(ProjectConfigurationPlatforms) = postSolution
		{9D0FA1C7-D728-4900-A4E9-1E344BEEEBF4}.Debug|Any CPU.ActiveCfg = Debug|Any CPU
		{9D0FA1C7-D728-4900-A4E9-1E344BEEEBF4}.Debug|Any CPU.Build.0 = Debug|Any CPU
		{9D0FA1C7-D728-4900-A4E9-1E344BEEEBF4}.Release|Any CPU.ActiveCfg = Release|Any CPU
		{9D0FA1C7-D728-4900-A4E9-1E344BEEEBF4}.Release|Any CPU.Build.0 = Release|Any CPU
		{7F64038F-8D07-43D6-9103-2738B59FCE35}.Debug|Any CPU.ActiveCfg = Debug|Any CPU
		{7F64038F-8D07-43D6-9103-2738B59FCE35}.Debug|Any CPU.Build.0 = Debug|Any CPU
		{7F64038F-8D07-43D6-9103-2738B59FCE35}.Release|Any CPU.ActiveCfg = Release|Any CPU
		{7F64038F-8D07-43D6-9103-2738B59FCE35}.Release|Any CPU.Build.0 = Release|Any CPU
		{B703D20F-8A13-46AD-857D-1C2D24EC76D6}.Debug|Any CPU.ActiveCfg = Debug|Any CPU
		{B703D20F-8A13-46AD-857D-1C2D24EC76D6}.Debug|Any CPU.Build.0 = Debug|Any CPU
		{B703D20F-8A13-46AD-857D-1C2D24EC76D6}.Release|Any CPU.ActiveCfg = Release|Any CPU
		{B703D20F-8A13-46AD-857D-1C2D24EC76D6}.Release|Any CPU.Build.0 = Release|Any CPU
		{F594941F-5A8D-4031-9083-50059550C05F}.Debug|Any CPU.ActiveCfg = Debug|Any CPU
		{F594941F-5A8D-4031-9083-50059550C05F}.Debug|Any CPU.Build.0 = Debug|Any CPU
		{F594941F-5A8D-4031-9083-50059550C05F}.Release|Any CPU.ActiveCfg = Release|Any CPU
		{F594941F-5A8D-4031-9083-50059550C05F}.Release|Any CPU.Build.0 = Release|Any CPU
		{FA9EB732-26CF-4A5F-B40B-2C9278E9E557}.Debug|Any CPU.ActiveCfg = Debug|Any CPU
		{FA9EB732-26CF-4A5F-B40B-2C9278E9E557}.Debug|Any CPU.Build.0 = Debug|Any CPU
		{FA9EB732-26CF-4A5F-B40B-2C9278E9E557}.Release|Any CPU.ActiveCfg = Release|Any CPU
		{FA9EB732-26CF-4A5F-B40B-2C9278E9E557}.Release|Any CPU.Build.0 = Release|Any CPU
		{32742789-1AE8-48BA-AB39-93D9FB9DF6A5}.Debug|Any CPU.ActiveCfg = Debug|Any CPU
		{32742789-1AE8-48BA-AB39-93D9FB9DF6A5}.Debug|Any CPU.Build.0 = Debug|Any CPU
		{32742789-1AE8-48BA-AB39-93D9FB9DF6A5}.Release|Any CPU.ActiveCfg = Release|Any CPU
		{32742789-1AE8-48BA-AB39-93D9FB9DF6A5}.Release|Any CPU.Build.0 = Release|Any CPU
		{E560F366-9815-4D8A-900C-7BD57E5979CC}.Debug|Any CPU.ActiveCfg = Debug|Any CPU
		{E560F366-9815-4D8A-900C-7BD57E5979CC}.Debug|Any CPU.Build.0 = Debug|Any CPU
		{E560F366-9815-4D8A-900C-7BD57E5979CC}.Release|Any CPU.ActiveCfg = Release|Any CPU
		{E560F366-9815-4D8A-900C-7BD57E5979CC}.Release|Any CPU.Build.0 = Release|Any CPU
		{04EB34BC-9D35-4DC4-B6CF-33C426CD5DE8}.Debug|Any CPU.ActiveCfg = Debug|Any CPU
		{04EB34BC-9D35-4DC4-B6CF-33C426CD5DE8}.Debug|Any CPU.Build.0 = Debug|Any CPU
		{04EB34BC-9D35-4DC4-B6CF-33C426CD5DE8}.Release|Any CPU.ActiveCfg = Release|Any CPU
		{04EB34BC-9D35-4DC4-B6CF-33C426CD5DE8}.Release|Any CPU.Build.0 = Release|Any CPU
		{6DE10240-90B5-415B-9DFA-6EDC1D1E1D6D}.Debug|Any CPU.ActiveCfg = Debug|Any CPU
		{6DE10240-90B5-415B-9DFA-6EDC1D1E1D6D}.Debug|Any CPU.Build.0 = Debug|Any CPU
		{6DE10240-90B5-415B-9DFA-6EDC1D1E1D6D}.Release|Any CPU.ActiveCfg = Release|Any CPU
		{6DE10240-90B5-415B-9DFA-6EDC1D1E1D6D}.Release|Any CPU.Build.0 = Release|Any CPU
		{05126DC9-E94F-4BE5-8980-B16A7EC906DE}.Debug|Any CPU.ActiveCfg = Debug|Any CPU
		{05126DC9-E94F-4BE5-8980-B16A7EC906DE}.Debug|Any CPU.Build.0 = Debug|Any CPU
		{05126DC9-E94F-4BE5-8980-B16A7EC906DE}.Release|Any CPU.ActiveCfg = Release|Any CPU
		{05126DC9-E94F-4BE5-8980-B16A7EC906DE}.Release|Any CPU.Build.0 = Release|Any CPU
		{02245395-6D60-4A86-8713-8874243428DB}.Debug|Any CPU.ActiveCfg = Debug|Any CPU
		{02245395-6D60-4A86-8713-8874243428DB}.Debug|Any CPU.Build.0 = Debug|Any CPU
		{02245395-6D60-4A86-8713-8874243428DB}.Release|Any CPU.ActiveCfg = Release|Any CPU
		{02245395-6D60-4A86-8713-8874243428DB}.Release|Any CPU.Build.0 = Release|Any CPU
		{A84EF364-E540-459A-A471-7604D62E3E39}.Debug|Any CPU.ActiveCfg = Debug|Any CPU
		{A84EF364-E540-459A-A471-7604D62E3E39}.Debug|Any CPU.Build.0 = Debug|Any CPU
		{A84EF364-E540-459A-A471-7604D62E3E39}.Release|Any CPU.ActiveCfg = Release|Any CPU
		{A84EF364-E540-459A-A471-7604D62E3E39}.Release|Any CPU.Build.0 = Release|Any CPU
		{17EF3AE2-3109-4C4F-A282-EB8942883DEC}.Debug|Any CPU.ActiveCfg = Debug|Any CPU
		{17EF3AE2-3109-4C4F-A282-EB8942883DEC}.Debug|Any CPU.Build.0 = Debug|Any CPU
		{17EF3AE2-3109-4C4F-A282-EB8942883DEC}.Release|Any CPU.ActiveCfg = Release|Any CPU
		{17EF3AE2-3109-4C4F-A282-EB8942883DEC}.Release|Any CPU.Build.0 = Release|Any CPU
	EndGlobalSection
	GlobalSection(SolutionProperties) = preSolution
		HideSolutionNode = FALSE
	EndGlobalSection
	GlobalSection(NestedProjects) = preSolution
		{9D0FA1C7-D728-4900-A4E9-1E344BEEEBF4} = {909E1D69-0A0B-40AC-8964-CF0CF4416582}
		{7F64038F-8D07-43D6-9103-2738B59FCE35} = {262F8C28-58E1-4B75-86C3-99C18219F871}
		{B703D20F-8A13-46AD-857D-1C2D24EC76D6} = {07672179-C945-4552-B453-936754F15579}
		{F594941F-5A8D-4031-9083-50059550C05F} = {909E1D69-0A0B-40AC-8964-CF0CF4416582}
		{FA9EB732-26CF-4A5F-B40B-2C9278E9E557} = {07672179-C945-4552-B453-936754F15579}
		{32742789-1AE8-48BA-AB39-93D9FB9DF6A5} = {07672179-C945-4552-B453-936754F15579}
		{E560F366-9815-4D8A-900C-7BD57E5979CC} = {95D8751A-F074-476E-986F-FC5DA731886B}
		{04EB34BC-9D35-4DC4-B6CF-33C426CD5DE8} = {909E1D69-0A0B-40AC-8964-CF0CF4416582}
		{6DE10240-90B5-415B-9DFA-6EDC1D1E1D6D} = {909E1D69-0A0B-40AC-8964-CF0CF4416582}
		{05126DC9-E94F-4BE5-8980-B16A7EC906DE} = {07672179-C945-4552-B453-936754F15579}
		{02245395-6D60-4A86-8713-8874243428DB} = {909E1D69-0A0B-40AC-8964-CF0CF4416582}
		{A84EF364-E540-459A-A471-7604D62E3E39} = {909E1D69-0A0B-40AC-8964-CF0CF4416582}
		{17EF3AE2-3109-4C4F-A282-EB8942883DEC} = {07672179-C945-4552-B453-936754F15579}
	EndGlobalSection
	GlobalSection(ExtensibilityGlobals) = postSolution
		SolutionGuid = {AF4A5EF5-77F3-4DD0-BD47-422BF1714E7E}
	EndGlobalSection
EndGlobal
