
Microsoft Visual Studio Solution File, Format Version 12.00
# Visual Studio 15
VisualStudioVersion = 15.0.28307.539
MinimumVisualStudioVersion = 10.0.40219.1
Project("{FAE04EC0-301F-11D3-BF4B-00C04F79EFBC}") = "SchacoImage", "SchacoImage\SchacoImage.csproj", "{4F224E11-A6EB-4AC4-A41D-818652BC59FF}"
EndProject
Project("{FAE04EC0-301F-11D3-BF4B-00C04F79EFBC}") = "MyScreenShots", "MyScreenShots\MyScreenShots.csproj", "{6952F7FB-5FE8-4A4A-8D0D-557AC4BC2C84}"
EndProject
Global
	GlobalSection(SolutionConfigurationPlatforms) = preSolution
		Debug|Any CPU = Debug|Any CPU
		Release|Any CPU = Release|Any CPU
	EndGlobalSection
	GlobalSection(ProjectConfigurationPlatforms) = postSolution
		{4F224E11-A6EB-4AC4-A41D-818652BC59FF}.Debug|Any CPU.ActiveCfg = Debug|Any CPU
		{4F224E11-A6EB-4AC4-A41D-818652BC59FF}.Debug|Any CPU.Build.0 = Debug|Any CPU
		{4F224E11-A6EB-4AC4-A41D-818652BC59FF}.Release|Any CPU.ActiveCfg = Release|Any CPU
		{4F224E11-A6EB-4AC4-A41D-818652BC59FF}.Release|Any CPU.Build.0 = Release|Any CPU
		{6952F7FB-5FE8-4A4A-8D0D-557AC4BC2C84}.Debug|Any CPU.ActiveCfg = Debug|Any CPU
		{6952F7FB-5FE8-4A4A-8D0D-557AC4BC2C84}.Debug|Any CPU.Build.0 = Debug|Any CPU
		{6952F7FB-5FE8-4A4A-8D0D-557AC4BC2C84}.Release|Any CPU.ActiveCfg = Release|Any CPU
		{6952F7FB-5FE8-4A4A-8D0D-557AC4BC2C84}.Release|Any CPU.Build.0 = Release|Any CPU
	EndGlobalSection
	GlobalSection(SolutionProperties) = preSolution
		HideSolutionNode = FALSE
	EndGlobalSection
	GlobalSection(ExtensibilityGlobals) = postSolution
		SolutionGuid = {AF4A5EF5-77F3-4DD0-BD47-422BF1714E7E}
	EndGlobalSection
EndGlobal
